
Microsoft Visual Studio Solution File, Format Version 12.00
# Visual Studio Version 16
VisualStudioVersion = 16.0.32602.291
MinimumVisualStudioVersion = 10.0.40219.1
Project("{FAE04EC0-301F-11D3-BF4B-00C04F79EFBC}") = "eTickety", "eTickety\eTickety.csproj", "{86D49A22-79CB-4B71-A433-60305F8031CB}"
EndProject
Global
	GlobalSection(SolutionConfigurationPlatforms) = preSolution
		Debug|Any CPU = Debug|Any CPU
		Release|Any CPU = Release|Any CPU
	EndGlobalSection
	GlobalSection(ProjectConfigurationPlatforms) = postSolution
		{86D49A22-79CB-4B71-A433-60305F8031CB}.Debug|Any CPU.ActiveCfg = Debug|Any CPU
		{86D49A22-79CB-4B71-A433-60305F8031CB}.Debug|Any CPU.Build.0 = Debug|Any CPU
		{86D49A22-79CB-4B71-A433-60305F8031CB}.Release|Any CPU.ActiveCfg = Release|Any CPU
		{86D49A22-79CB-4B71-A433-60305F8031CB}.Release|Any CPU.Build.0 = Release|Any CPU
	EndGlobalSection
	GlobalSection(SolutionProperties) = preSolution
		HideSolutionNode = FALSE
	EndGlobalSection
	GlobalSection(ExtensibilityGlobals) = postSolution
		SolutionGuid = {B82CE21F-0E6A-455A-9ABE-464DC1F9DA19}
	EndGlobalSection
EndGlobal
